
Microsoft Visual Studio Solution File, Format Version 12.00
# Visual Studio 15
VisualStudioVersion = 15.0.28010.2046
MinimumVisualStudioVersion = 10.0.40219.1
Project("{8BC9CEB8-8B4A-11D0-8D11-00A0C91BC942}") = "Detection_of_emotion", "Detection_of_emotion\Detection_of_emotion.vcxproj", "{FAE86157-84A4-4FEC-B2AE-AFF40107CCE0}"
EndProject
Global
	GlobalSection(SolutionConfigurationPlatforms) = preSolution
		Debug|x64 = Debug|x64
		Debug|x86 = Debug|x86
		Release|x64 = Release|x64
		Release|x86 = Release|x86
	EndGlobalSection
	GlobalSection(ProjectConfigurationPlatforms) = postSolution
		{FAE86157-84A4-4FEC-B2AE-AFF40107CCE0}.Debug|x64.ActiveCfg = Debug|x64
		{FAE86157-84A4-4FEC-B2AE-AFF40107CCE0}.Debug|x64.Build.0 = Debug|x64
		{FAE86157-84A4-4FEC-B2AE-AFF40107CCE0}.Debug|x86.ActiveCfg = Debug|Win32
		{FAE86157-84A4-4FEC-B2AE-AFF40107CCE0}.Debug|x86.Build.0 = Debug|Win32
		{FAE86157-84A4-4FEC-B2AE-AFF40107CCE0}.Release|x64.ActiveCfg = Release|x64
		{FAE86157-84A4-4FEC-B2AE-AFF40107CCE0}.Release|x64.Build.0 = Release|x64
		{FAE86157-84A4-4FEC-B2AE-AFF40107CCE0}.Release|x86.ActiveCfg = Release|Win32
		{FAE86157-84A4-4FEC-B2AE-AFF40107CCE0}.Release|x86.Build.0 = Release|Win32
	EndGlobalSection
	GlobalSection(SolutionProperties) = preSolution
		HideSolutionNode = FALSE
	EndGlobalSection
	GlobalSection(ExtensibilityGlobals) = postSolution
		SolutionGuid = {C812A5D4-66C0-46A2-86FD-08F385598CF8}
	EndGlobalSection
EndGlobal
